{
  "requires": true,
  "lockfileVersion": 1,
  "dependencies": {
    "@types/node": {
      "version": "14.11.10",
      "resolved": "https://registry.npmjs.org/@types/node/-/node-14.11.10.tgz",
      "integrity": "sha512-yV1nWZPlMFpoXyoknm4S56y2nlTAuFYaJuQtYRAOU7xA/FJ9RY0Xm7QOkaYMMmr8ESdHIuUb6oQgR/0+2NqlyA=="
    },
    "@types/nodemailer": {
      "version": "6.4.0",
      "resolved": "https://registry.npmjs.org/@types/nodemailer/-/nodemailer-6.4.0.tgz",
      "integrity": "sha512-KY7bFWB0MahRZvVW4CuW83qcCDny59pJJ0MQ5ifvfcjNwPlIT0vW4uARO4u1gtkYnWdhSvURegecY/tzcukJcA==",
      "requires": {
        "@types/node": "*"
      }
    },
    "nodemailer": {
      "version": "6.4.14",
      "resolved": "https://registry.npmjs.org/nodemailer/-/nodemailer-6.4.14.tgz",
      "integrity": "sha512-0AQHOOT+nRAOK6QnksNaK7+5vjviVvEBzmZytKU7XSA+Vze2NLykTx/05ti1uJgXFTWrMq08u3j3x4r4OE6PAA=="
    }
  }
}
